{
  "object": {
    "pins": [
      {
        "package": "LoggingTime",
        "repositoryURL": "https://github.com/Raw-E/LoggingTime.git",
        "state": {
          "branch": "main",
          "revision": "f3ff9ccc47af14823740e529db6abb1aa8534e71",
          "version": null
        }
      }
    ]
  },
  "version": 1
}
